{
  "nodes": {
    "brew-src": {
      "flake": false,
      "locked": {
        "lastModified": 1763638478,
        "narHash": "sha256-n/IMowE9S23ovmTkKX7KhxXC2Yq41EAVFR2FBIXPcT8=",
        "owner": "Homebrew",
        "repo": "brew",
        "rev": "fbfdbaba008189499958a7aeb1e2c36ab10c067d",
        "type": "github"
      },
      "original": {
        "owner": "Homebrew",
        "ref": "5.0.3",
        "repo": "brew",
        "type": "github"
      }
    },
    "flake-utils": {
      "inputs": {
        "systems": "systems"
      },
      "locked": {
        "lastModified": 1731533236,
        "narHash": "sha256-l0KFg5HjrsfsO/JpG+r7fRrqm12kzFHyUHqHCVpMMbI=",
        "owner": "numtide",
        "repo": "flake-utils",
        "rev": "11707dc2f618dd54ca8739b309ec4fc024de578b",
        "type": "github"
      },
      "original": {
        "owner": "numtide",
        "repo": "flake-utils",
        "type": "github"
      }
    },
    "home-manager": {
      "inputs": {
        "nixpkgs": [
          "nixpkgs"
        ]
      },
      "locked": {
        "lastModified": 1767104570,
        "narHash": "sha256-GKgwu5//R+cLdKysZjGqvUEEOGXXLdt93sNXeb2M/Lk=",
        "owner": "nix-community",
        "repo": "home-manager",
        "rev": "e4e78a2cbeaddd07ab7238971b16468cc1d14daf",
        "type": "github"
      },
      "original": {
        "owner": "nix-community",
        "repo": "home-manager",
        "type": "github"
      }
    },
    "homebrew-cask": {
      "flake": false,
      "locked": {
        "lastModified": 1767134307,
        "narHash": "sha256-DTGhZGCT3ckbKfB7+KdiR5bMsv8Lw9lkzPOE5l6MJ6M=",
        "owner": "Homebrew",
        "repo": "homebrew-cask",
        "rev": "f10ff91ea06aaf539e24354bc5ac74b2e805f69c",
        "type": "github"
      },
      "original": {
        "owner": "Homebrew",
        "repo": "homebrew-cask",
        "type": "github"
      }
    },
    "homebrew-cloudflare": {
      "flake": false,
      "locked": {
        "lastModified": 1755285985,
        "narHash": "sha256-y1uoGtxcnU1DPmEGKGYzU3yOid9wdVy43rHVP3XNZ6k=",
        "owner": "cloudflare",
        "repo": "homebrew-cloudflare",
        "rev": "abc41fee58a63fe2b65ecad2d81a6ec57143861c",
        "type": "github"
      },
      "original": {
        "owner": "cloudflare",
        "repo": "homebrew-cloudflare",
        "type": "github"
      }
    },
    "homebrew-core": {
      "flake": false,
      "locked": {
        "lastModified": 1767134156,
        "narHash": "sha256-fkumJYF0aQm6nL7P9FoDu6tlCeG3s/u1rFi3vb3msUk=",
        "owner": "Homebrew",
        "repo": "homebrew-core",
        "rev": "315f19695b4e0cfdf21c0c00e3b1c878fdc2a2de",
        "type": "github"
      },
      "original": {
        "owner": "Homebrew",
        "repo": "homebrew-core",
        "type": "github"
      }
    },
    "homebrew-hyprnote": {
      "flake": false,
      "locked": {
        "lastModified": 1765704623,
        "narHash": "sha256-5Uml1geCmgumA2vzfbZlxny//XiPFa4ygTfclVl59u8=",
        "owner": "fastrepl",
        "repo": "homebrew-hyprnote",
        "rev": "2903c1a6dd44d92465eded6fa504d1ef7694fbf1",
        "type": "github"
      },
      "original": {
        "owner": "fastrepl",
        "repo": "homebrew-hyprnote",
        "type": "github"
      }
    },
    "nix-darwin": {
      "inputs": {
        "nixpkgs": [
          "nixpkgs"
        ]
      },
      "locked": {
        "lastModified": 1767028240,
        "narHash": "sha256-0/fLUqwJ4Z774muguUyn5t8AQ6wyxlNbHexpje+5hRo=",
        "owner": "nix-darwin",
        "repo": "nix-darwin",
        "rev": "c31afa6e76da9bbc7c9295e39c7de9fca1071ea1",
        "type": "github"
      },
      "original": {
        "owner": "nix-darwin",
        "ref": "master",
        "repo": "nix-darwin",
        "type": "github"
      }
    },
    "nix-homebrew": {
      "inputs": {
        "brew-src": "brew-src"
      },
      "locked": {
        "lastModified": 1764473698,
        "narHash": "sha256-C91gPgv6udN5WuIZWNehp8qdLqlrzX6iF/YyboOj6XI=",
        "owner": "zhaofengli",
        "repo": "nix-homebrew",
        "rev": "6a8ab60bfd66154feeaa1021fc3b32684814a62a",
        "type": "github"
      },
      "original": {
        "owner": "zhaofengli",
        "repo": "nix-homebrew",
        "type": "github"
      }
    },
    "nix4nvchad": {
      "inputs": {
        "flake-utils": "flake-utils",
        "nixpkgs": [
          "nixpkgs"
        ],
        "nvchad-starter": "nvchad-starter"
      },
      "locked": {
        "lastModified": 1766894340,
        "narHash": "sha256-1mDK1lMCSQMwtQe1CUJ/Q9SEIPLskS+xwRi9PonnOd8=",
        "owner": "nix-community",
        "repo": "nix4nvchad",
        "rev": "c685397b352ab74f8ada312b425d8d84e056b2b0",
        "type": "github"
      },
      "original": {
        "owner": "nix-community",
        "repo": "nix4nvchad",
        "type": "github"
      }
    },
    "nixpkgs": {
      "locked": {
        "lastModified": 1767026758,
        "narHash": "sha256-7fsac/f7nh/VaKJ/qm3I338+wAJa/3J57cOGpXi0Sbg=",
        "owner": "NixOS",
        "repo": "nixpkgs",
        "rev": "346dd96ad74dc4457a9db9de4f4f57dab2e5731d",
        "type": "github"
      },
      "original": {
        "owner": "NixOS",
        "ref": "nixpkgs-unstable",
        "repo": "nixpkgs",
        "type": "github"
      }
    },
    "nvchad-starter": {
      "flake": false,
      "locked": {
        "lastModified": 1753939018,
        "narHash": "sha256-xdLr6tlU9uA+wu0pqha2br0fdVm+1MjgjbB5awz9ICU=",
        "owner": "NvChad",
        "repo": "starter",
        "rev": "e3572e1f5e1c297212c3deeb17b7863139ce663e",
        "type": "github"
      },
      "original": {
        "owner": "NvChad",
        "ref": "main",
        "repo": "starter",
        "type": "github"
      }
    },
    "root": {
      "inputs": {
        "home-manager": "home-manager",
        "homebrew-cask": "homebrew-cask",
        "homebrew-cloudflare": "homebrew-cloudflare",
        "homebrew-core": "homebrew-core",
        "homebrew-hyprnote": "homebrew-hyprnote",
        "nix-darwin": "nix-darwin",
        "nix-homebrew": "nix-homebrew",
        "nix4nvchad": "nix4nvchad",
        "nixpkgs": "nixpkgs"
      }
    },
    "systems": {
      "locked": {
        "lastModified": 1681028828,
        "narHash": "sha256-Vy1rq5AaRuLzOxct8nz4T6wlgyUR7zLU309k9mBC768=",
        "owner": "nix-systems",
        "repo": "default",
        "rev": "da67096a3b9bf56a91d16901293e51ba5b49a27e",
        "type": "github"
      },
      "original": {
        "owner": "nix-systems",
        "repo": "default",
        "type": "github"
      }
    }
  },
  "root": "root",
  "version": 7
}
